#MicroXplorer Configuration settings - do not modify
ETH.IPParameters=MediaInterface
ETH.MediaInterface=ETH_MEDIA_INTERFACE_RMII
FREERTOS.FootprintOK=true
FREERTOS.IPParameters=Tasks01,FootprintOK,configMINIMAL_STACK_SIZE,configTOTAL_HEAP_SIZE
FREERTOS.Tasks01=defaultTask,0,1000,StartDefaultTask,Default,NULL,Static,defaultTaskBuffer,defaultTaskControlBlock
FREERTOS.configMINIMAL_STACK_SIZE=256
FREERTOS.configTOTAL_HEAP_SIZE=7000
File.Version=6
KeepUserPlacement=false
LWIP.IPParameters=MEM_SIZE,TCP_MSS,PBUF_POOL_BUFSIZE,TCP_CALCULATE_EFF_SEND_MSS,LWIP_DHCP,IP_ADDRESS,NETMASK_ADDRESS,LWIP_NETIF_LINK_CALLBACK,LWIP_SO_RCVBUF
LWIP.IP_ADDRESS=192.168.000.123
LWIP.LWIP_DHCP=1
LWIP.LWIP_NETIF_LINK_CALLBACK=1
LWIP.LWIP_SO_RCVBUF=1
LWIP.MEM_SIZE=4096
LWIP.NETMASK_ADDRESS=255.255.255.000
LWIP.PBUF_POOL_BUFSIZE=592
LWIP.TCP_CALCULATE_EFF_SEND_MSS=1
LWIP.TCP_MSS=1460
LWIP.Version=v2.0.3_Cube
MBEDTLS.IPParameters=MBEDTLS_KEY_EXCHANGE_PSK_ENABLED,MBEDTLS_KEY_EXCHANGE_ECDHE_PSK_ENABLED,MBEDTLS_KEY_EXCHANGE_ECDH_ECDSA_ENABLED,MBEDTLS_KEY_EXCHANGE_ECDH_RSA_ENABLED,MBEDTLS_RSA_C,MBEDTLS_MPI_MAX_SIZE,MBEDTLS_SSL_MAX_CONTENT_LEN,MBEDTLS_SSL_CIPHERSUITES
MBEDTLS.MBEDTLS_KEY_EXCHANGE_ECDHE_PSK_ENABLED=1
MBEDTLS.MBEDTLS_KEY_EXCHANGE_ECDH_ECDSA_ENABLED=1
MBEDTLS.MBEDTLS_KEY_EXCHANGE_ECDH_RSA_ENABLED=1
MBEDTLS.MBEDTLS_KEY_EXCHANGE_PSK_ENABLED=1
MBEDTLS.MBEDTLS_MPI_MAX_SIZE=256
MBEDTLS.MBEDTLS_RSA_C=1
MBEDTLS.MBEDTLS_SSL_CIPHERSUITES=MBEDTLS_TLS_ECDHE_ECDSA_WITH_AES_256_GCM_SHA384,MBEDTLS_TLS_ECDHE_ECDSA_WITH_AES_128_GCM_SHA256,MBEDTLS_TLS_ECDHE_RSA_WITH_AES_128_GCM_SHA256
MBEDTLS.MBEDTLS_SSL_MAX_CONTENT_LEN=8196
Mcu.Family=STM32F4
Mcu.IP0=ETH
Mcu.IP1=FREERTOS
Mcu.IP10=USART1
Mcu.IP11=USART6
Mcu.IP2=LWIP
Mcu.IP3=MBEDTLS
Mcu.IP4=NVIC
Mcu.IP5=RCC
Mcu.IP6=RNG
Mcu.IP7=SYS
Mcu.IP8=TIM7
Mcu.IP9=UART4
Mcu.IPNb=12
Mcu.Name=STM32F417V(E-G)Tx
Mcu.Package=LQFP100
Mcu.Pin0=PH0-OSC_IN
Mcu.Pin1=PH1-OSC_OUT
Mcu.Pin10=PB13
Mcu.Pin11=PC6
Mcu.Pin12=PC7
Mcu.Pin13=PC8
Mcu.Pin14=PA9
Mcu.Pin15=PA10
Mcu.Pin16=PA11
Mcu.Pin17=PA13
Mcu.Pin18=PA14
Mcu.Pin19=PC10
Mcu.Pin2=PC1
Mcu.Pin20=PC11
Mcu.Pin21=PB6
Mcu.Pin22=PB7
Mcu.Pin23=VP_FREERTOS_VS_CMSIS_V1
Mcu.Pin24=VP_LWIP_VS_Enabled
Mcu.Pin25=VP_MBEDTLS_VS_MBEDTLS
Mcu.Pin26=VP_RNG_VS_RNG
Mcu.Pin27=VP_SYS_VS_tim6
Mcu.Pin28=VP_TIM7_VS_ClockSourceINT
Mcu.Pin3=PA1
Mcu.Pin4=PA2
Mcu.Pin5=PA7
Mcu.Pin6=PC4
Mcu.Pin7=PC5
Mcu.Pin8=PB11
Mcu.Pin9=PB12
Mcu.PinsNb=29
Mcu.ThirdPartyNb=0
Mcu.UserConstants=
Mcu.UserName=STM32F417VGTx
MxCube.Version=5.3.0
MxDb.Version=DB.5.0.30
NVIC.BusFault_IRQn=true\:0\:0\:false\:false\:true\:false\:false\:false
NVIC.DebugMonitor_IRQn=true\:0\:0\:false\:false\:true\:false\:false\:false
NVIC.ETH_IRQn=true\:5\:0\:false\:false\:true\:true\:false\:true
NVIC.HardFault_IRQn=true\:0\:0\:false\:false\:true\:false\:false\:false
NVIC.MemoryManagement_IRQn=true\:0\:0\:false\:false\:true\:false\:false\:false
NVIC.NonMaskableInt_IRQn=true\:0\:0\:false\:false\:true\:false\:false\:false
NVIC.PendSV_IRQn=true\:15\:0\:false\:false\:false\:true\:false\:false
NVIC.PriorityGroup=NVIC_PRIORITYGROUP_4
NVIC.SVCall_IRQn=true\:0\:0\:false\:false\:false\:false\:false\:false
NVIC.SysTick_IRQn=true\:15\:0\:false\:false\:false\:true\:false\:true
NVIC.TIM6_DAC_IRQn=true\:0\:0\:false\:false\:true\:false\:false\:true
NVIC.TIM7_IRQn=true\:5\:0\:false\:false\:true\:true\:true\:true
NVIC.TimeBase=TIM6_DAC_IRQn
NVIC.TimeBaseIP=TIM6
NVIC.USART1_IRQn=true\:5\:0\:false\:false\:true\:true\:true\:true
NVIC.USART6_IRQn=true\:5\:0\:false\:false\:true\:true\:true\:true
NVIC.UsageFault_IRQn=true\:0\:0\:false\:false\:true\:false\:false\:false
PA1.Mode=RMII
PA1.Signal=ETH_REF_CLK
PA10.Mode=Asynchronous
PA10.Signal=USART1_RX
PA11.Locked=true
PA11.Signal=GPIO_Output
PA13.Mode=Serial_Wire
PA13.Signal=SYS_JTMS-SWDIO
PA14.Mode=Serial_Wire
PA14.Signal=SYS_JTCK-SWCLK
PA2.Mode=RMII
PA2.Signal=ETH_MDIO
PA7.Mode=RMII
PA7.Signal=ETH_CRS_DV
PA9.Mode=Asynchronous
PA9.Signal=USART1_TX
PB11.Mode=RMII
PB11.Signal=ETH_TX_EN
PB12.Mode=RMII
PB12.Signal=ETH_TXD0
PB13.Mode=RMII
PB13.Signal=ETH_TXD1
PB6.Locked=true
PB6.Signal=GPIO_Output
PB7.Locked=true
PB7.Signal=GPIO_Output
PC1.Mode=RMII
PC1.Signal=ETH_MDC
PC10.Locked=true
PC10.Mode=Asynchronous
PC10.Signal=UART4_TX
PC11.Mode=Asynchronous
PC11.Signal=UART4_RX
PC4.Mode=RMII
PC4.Signal=ETH_RXD0
PC5.Mode=RMII
PC5.Signal=ETH_RXD1
PC6.Mode=Asynchronous
PC6.Signal=USART6_TX
PC7.Mode=Asynchronous
PC7.Signal=USART6_RX
PC8.Locked=true
PC8.Signal=GPIO_Output
PCC.Checker=false
PCC.Line=STM32F407/417
PCC.MCU=STM32F417V(E-G)Tx
PCC.PartNumber=STM32F417VGTx
PCC.Seq0=0
PCC.Series=STM32F4
PCC.Temperature=25
PCC.Vdd=3.3
PH0-OSC_IN.Mode=HSE-External-Oscillator
PH0-OSC_IN.Signal=RCC_OSC_IN
PH1-OSC_OUT.Mode=HSE-External-Oscillator
PH1-OSC_OUT.Signal=RCC_OSC_OUT
PinOutPanel.RotationAngle=0
ProjectManager.AskForMigrate=true
ProjectManager.BackupPrevious=false
ProjectManager.CompilerOptimize=6
ProjectManager.ComputerToolchain=false
ProjectManager.CoupleFile=true
ProjectManager.CustomerFirmwarePackage=
ProjectManager.DefaultFWLocation=true
ProjectManager.DeletePrevious=true
ProjectManager.DeviceId=STM32F417VGTx
ProjectManager.FirmwarePackage=STM32Cube FW_F4 V1.24.1
ProjectManager.FreePins=false
ProjectManager.HalAssertFull=false
ProjectManager.HeapSize=0x100
ProjectManager.KeepUserCode=true
ProjectManager.LastFirmware=false
ProjectManager.LibraryCopy=1
ProjectManager.MainLocation=Src
ProjectManager.NoMain=false
ProjectManager.PreviousToolchain=
ProjectManager.ProjectBuild=false
ProjectManager.ProjectFileName=stm32-aws-iot.ioc
ProjectManager.ProjectName=stm32-aws-iot
ProjectManager.StackSize=0x100
ProjectManager.TargetToolchain=STM32CubeIDE
ProjectManager.ToolChainLocation=
ProjectManager.UnderRoot=true
ProjectManager.functionlistsort=1-MX_GPIO_Init-GPIO-false-HAL-true,2-SystemClock_Config-RCC-false-HAL-false,3-MX_LWIP_Init-LWIP-false-HAL-true,4-MX_UART4_Init-UART4-false-HAL-true,5-MX_USART1_UART_Init-USART1-false-HAL-true,6-MX_USART6_UART_Init-USART6-false-HAL-true,7-MX_TIM7_Init-TIM7-false-HAL-true,8-MX_RNG_Init-RNG-false-HAL-true,9-MX_MBEDTLS_Init-MBEDTLS-false-HAL-true
RCC.48MHZClocksFreq_Value=48000000
RCC.AHBFreq_Value=72000000
RCC.APB1CLKDivider=RCC_HCLK_DIV2
RCC.APB1Freq_Value=36000000
RCC.APB1TimFreq_Value=72000000
RCC.APB2Freq_Value=72000000
RCC.APB2TimFreq_Value=72000000
RCC.CortexFreq_Value=72000000
RCC.EthernetFreq_Value=72000000
RCC.FCLKCortexFreq_Value=72000000
RCC.FamilyName=M
RCC.HCLKFreq_Value=72000000
RCC.HSE_VALUE=8000000
RCC.HSI_VALUE=16000000
RCC.I2SClocksFreq_Value=192000000
RCC.IPParameters=48MHZClocksFreq_Value,AHBFreq_Value,APB1CLKDivider,APB1Freq_Value,APB1TimFreq_Value,APB2Freq_Value,APB2TimFreq_Value,CortexFreq_Value,EthernetFreq_Value,FCLKCortexFreq_Value,FamilyName,HCLKFreq_Value,HSE_VALUE,HSI_VALUE,I2SClocksFreq_Value,LSE_VALUE,LSI_VALUE,MCO2PinFreq_Value,PLLCLKFreq_Value,PLLM,PLLN,PLLQ,PLLQCLKFreq_Value,RTCFreq_Value,RTCHSEDivFreq_Value,SYSCLKFreq_VALUE,SYSCLKSource,VCOI2SOutputFreq_Value,VCOInputFreq_Value,VCOOutputFreq_Value,VcooutputI2S
RCC.LSE_VALUE=32768
RCC.LSI_VALUE=32000
RCC.MCO2PinFreq_Value=72000000
RCC.PLLCLKFreq_Value=72000000
RCC.PLLM=8
RCC.PLLN=72
RCC.PLLQ=3
RCC.PLLQCLKFreq_Value=48000000
RCC.RTCFreq_Value=32000
RCC.RTCHSEDivFreq_Value=4000000
RCC.SYSCLKFreq_VALUE=72000000
RCC.SYSCLKSource=RCC_SYSCLKSOURCE_PLLCLK
RCC.VCOI2SOutputFreq_Value=384000000
RCC.VCOInputFreq_Value=2000000
RCC.VCOOutputFreq_Value=144000000
RCC.VcooutputI2S=192000000
TIM7.AutoReloadPreload=TIM_AUTORELOAD_PRELOAD_ENABLE
TIM7.IPParameters=Prescaler,Period,AutoReloadPreload
TIM7.Period=49
TIM7.Prescaler=83
UART4.IPParameters=VirtualMode
UART4.VirtualMode=Asynchronous
USART1.BaudRate=9600
USART1.IPParameters=VirtualMode,BaudRate
USART1.VirtualMode=VM_ASYNC
USART6.BaudRate=9600
USART6.IPParameters=VirtualMode,BaudRate
USART6.VirtualMode=VM_ASYNC
VP_FREERTOS_VS_CMSIS_V1.Mode=CMSIS_V1
VP_FREERTOS_VS_CMSIS_V1.Signal=FREERTOS_VS_CMSIS_V1
VP_LWIP_VS_Enabled.Mode=Enabled
VP_LWIP_VS_Enabled.Signal=LWIP_VS_Enabled
VP_MBEDTLS_VS_MBEDTLS.Mode=Enabled
VP_MBEDTLS_VS_MBEDTLS.Signal=MBEDTLS_VS_MBEDTLS
VP_RNG_VS_RNG.Mode=RNG_Activate
VP_RNG_VS_RNG.Signal=RNG_VS_RNG
VP_SYS_VS_tim6.Mode=TIM6
VP_SYS_VS_tim6.Signal=SYS_VS_tim6
VP_TIM7_VS_ClockSourceINT.Mode=Enable_Timer
VP_TIM7_VS_ClockSourceINT.Signal=TIM7_VS_ClockSourceINT
board=custom
isbadioc=false
